
Microsoft Visual Studio Solution File, Format Version 12.00
# Visual Studio 15
VisualStudioVersion = 15.0.28010.2036
MinimumVisualStudioVersion = 10.0.40219.1
Project("{FAE04EC0-301F-11D3-BF4B-00C04F79EFBC}") = "Web12", "Web12\Web12.csproj", "{A65F8316-913C-42BF-96A2-CE4D18B43A48}"
EndProject
Global
	GlobalSection(SolutionConfigurationPlatforms) = preSolution
		Debug|Any CPU = Debug|Any CPU
		Release|Any CPU = Release|Any CPU
	EndGlobalSection
	GlobalSection(ProjectConfigurationPlatforms) = postSolution
		{A65F8316-913C-42BF-96A2-CE4D18B43A48}.Debug|Any CPU.ActiveCfg = Debug|Any CPU
		{A65F8316-913C-42BF-96A2-CE4D18B43A48}.Debug|Any CPU.Build.0 = Debug|Any CPU
		{A65F8316-913C-42BF-96A2-CE4D18B43A48}.Release|Any CPU.ActiveCfg = Release|Any CPU
		{A65F8316-913C-42BF-96A2-CE4D18B43A48}.Release|Any CPU.Build.0 = Release|Any CPU
	EndGlobalSection
	GlobalSection(SolutionProperties) = preSolution
		HideSolutionNode = FALSE
	EndGlobalSection
	GlobalSection(ExtensibilityGlobals) = postSolution
		SolutionGuid = {6EF30206-F178-4E53-98BB-99F1A391C9D8}
	EndGlobalSection
EndGlobal
